github.com/markkurossi/crypto v0.0.0-20240520115340-daed3f9a1082 h1:9lj+7BEGrRT+7iylAqu0hY50nHQk3+LUL2g0eWDqAuw=
github.com/markkurossi/crypto v0.0.0-20240520115340-daed3f9a1082/go.mod h1:+mhV8wp86RN6GgVyETgAd6oY+D3xLNESWKty2fGNg5U=
github.com/markkurossi/mpc v0.0.0-20250827133215-2ccc7ad3709d h1:E6aWEWv9eSFIlcx4OENgtER9bgIx5wcdWl1t+cDle1o=
github.com/markkurossi/mpc v0.0.0-20250827133215-2ccc7ad3709d/go.mod h1:v04prSylvUInJyDZ1dO0k8UqtFyshruVSdbTq7RwQp4=
github.com/markkurossi/tabulate v0.0.0-20230223130100-d4965869b123 h1:aGg9ACNKrIa6lZ18dNT9ZsFcXga3obyOAl5Tiyx2txE=
github.com/markkurossi/tabulate v0.0.0-20230223130100-d4965869b123/go.mod h1:qPNWLW3h4173ZWYHjOgJ1wbvNyLuE1fboZilv97Aq7k=
golang.org/x/text v0.29.0 h1:1neNs90w9YzJ9BocxfsQNHKuAT4pkghyXc4nhZ6sJvk=
golang.org/x/text v0.29.0/go.mod h1:7MhJOA9CD2qZyOKYazxdYMF85OwPdEr9jTtBpO7ydH4=
